
Microsoft Visual Studio Solution File, Format Version 12.00
# Visual Studio Version 17
VisualStudioVersion = 17.9.34728.123
MinimumVisualStudioVersion = 10.0.40219.1
Project("{FAE04EC0-301F-11D3-BF4B-00C04F79EFBC}") = "Farmer", "Farmer\Farmer.csproj", "{8E57D8B5-AA74-42E8-B8C0-ABB7E5671B6F}"
EndProject
Global
	GlobalSection(SolutionConfigurationPlatforms) = preSolution
		Debug|Any CPU = Debug|Any CPU
		Release|Any CPU = Release|Any CPU
	EndGlobalSection
	GlobalSection(ProjectConfigurationPlatforms) = postSolution
		{8E57D8B5-AA74-42E8-B8C0-ABB7E5671B6F}.Debug|Any CPU.ActiveCfg = Debug|Any CPU
		{8E57D8B5-AA74-42E8-B8C0-ABB7E5671B6F}.Debug|Any CPU.Build.0 = Debug|Any CPU
		{8E57D8B5-AA74-42E8-B8C0-ABB7E5671B6F}.Release|Any CPU.ActiveCfg = Release|Any CPU
		{8E57D8B5-AA74-42E8-B8C0-ABB7E5671B6F}.Release|Any CPU.Build.0 = Release|Any CPU
	EndGlobalSection
	GlobalSection(SolutionProperties) = preSolution
		HideSolutionNode = FALSE
	EndGlobalSection
	GlobalSection(ExtensibilityGlobals) = postSolution
		SolutionGuid = {80115223-79FC-48A4-9D95-0C03588C09B1}
	EndGlobalSection
EndGlobal
